
Microsoft Visual Studio Solution File, Format Version 12.00
# Visual Studio 14
VisualStudioVersion = 14.0.25420.1
MinimumVisualStudioVersion = 10.0.40219.1
Project("{FAE04EC0-301F-11D3-BF4B-00C04F79EFBC}") = "DerbyHacks.Droid", "DerbyHacks\DerbyHacks.Droid\DerbyHacks.Droid.csproj", "{E0F9E53D-A0C5-4DA7-9320-F9DB381A5BA4}"
EndProject
Project("{FAE04EC0-301F-11D3-BF4B-00C04F79EFBC}") = "DerbyHacks.iOS", "DerbyHacks\DerbyHacks.iOS\DerbyHacks.iOS.csproj", "{E76CDD7F-169E-433F-8C58-F9C67A1D6E9E}"
EndProject
Project("{FAE04EC0-301F-11D3-BF4B-00C04F79EFBC}") = "DerbyHacks", "DerbyHacks\DerbyHacks\DerbyHacks.csproj", "{B290A2A3-FD5F-4578-80D2-E402273BDFA6}"
EndProject
Project("{FAE04EC0-301F-11D3-BF4B-00C04F79EFBC}") = "DerbyHacksApi", "DerbyHacksApi\DerbyHacksApi.csproj", "{D5A479D4-7B70-4D36-8803-238BC27BE1D9}"
EndProject
Project("{FAE04EC0-301F-11D3-BF4B-00C04F79EFBC}") = "OpenDataImportConsole", "OpenDataImportConsole\OpenDataImportConsole.csproj", "{4B986152-345D-4668-A186-30295F0B51CA}"
EndProject
Project("{FAE04EC0-301F-11D3-BF4B-00C04F79EFBC}") = "DerbyHacks.HomeFacesClient", "DerbyHacks.HomeFacesClient\DerbyHacks.HomeFacesClient.csproj", "{55A4600E-DD57-4BBA-A273-B0FE7EE8FA3C}"
EndProject
Project("{FAE04EC0-301F-11D3-BF4B-00C04F79EFBC}") = "DerbyHacks.Model", "DerbyHacks.Model\DerbyHacks.Model.csproj", "{F041DCE1-722A-4857-9ADF-198DE49CAFD9}"
EndProject
Project("{FAE04EC0-301F-11D3-BF4B-00C04F79EFBC}") = "DerbyHacks.Biz", "DerbyHacks.Biz\DerbyHacks.Biz.csproj", "{C93CB976-51E7-472B-9E37-5C21AB655D90}"
EndProject
Global
	GlobalSection(SolutionConfigurationPlatforms) = preSolution
		Ad-Hoc|Any CPU = Ad-Hoc|Any CPU
		Ad-Hoc|iPhone = Ad-Hoc|iPhone
		Ad-Hoc|iPhoneSimulator = Ad-Hoc|iPhoneSimulator
		AppStore|Any CPU = AppStore|Any CPU
		AppStore|iPhone = AppStore|iPhone
		AppStore|iPhoneSimulator = AppStore|iPhoneSimulator
		Debug|Any CPU = Debug|Any CPU
		Debug|iPhone = Debug|iPhone
		Debug|iPhoneSimulator = Debug|iPhoneSimulator
		Release|Any CPU = Release|Any CPU
		Release|iPhone = Release|iPhone
		Release|iPhoneSimulator = Release|iPhoneSimulator
	EndGlobalSection
	GlobalSection(ProjectConfigurationPlatforms) = postSolution
		{E0F9E53D-A0C5-4DA7-9320-F9DB381A5BA4}.Ad-Hoc|Any CPU.ActiveCfg = Release|Any CPU
		{E0F9E53D-A0C5-4DA7-9320-F9DB381A5BA4}.Ad-Hoc|Any CPU.Build.0 = Release|Any CPU
		{E0F9E53D-A0C5-4DA7-9320-F9DB381A5BA4}.Ad-Hoc|Any CPU.Deploy.0 = Release|Any CPU
		{E0F9E53D-A0C5-4DA7-9320-F9DB381A5BA4}.Ad-Hoc|iPhone.ActiveCfg = Release|Any CPU
		{E0F9E53D-A0C5-4DA7-9320-F9DB381A5BA4}.Ad-Hoc|iPhone.Build.0 = Release|Any CPU
		{E0F9E53D-A0C5-4DA7-9320-F9DB381A5BA4}.Ad-Hoc|iPhone.Deploy.0 = Release|Any CPU
		{E0F9E53D-A0C5-4DA7-9320-F9DB381A5BA4}.Ad-Hoc|iPhoneSimulator.ActiveCfg = Release|Any CPU
		{E0F9E53D-A0C5-4DA7-9320-F9DB381A5BA4}.Ad-Hoc|iPhoneSimulator.Build.0 = Release|Any CPU
		{E0F9E53D-A0C5-4DA7-9320-F9DB381A5BA4}.Ad-Hoc|iPhoneSimulator.Deploy.0 = Release|Any CPU
		{E0F9E53D-A0C5-4DA7-9320-F9DB381A5BA4}.AppStore|Any CPU.ActiveCfg = Release|Any CPU
		{E0F9E53D-A0C5-4DA7-9320-F9DB381A5BA4}.AppStore|Any CPU.Build.0 = Release|Any CPU
		{E0F9E53D-A0C5-4DA7-9320-F9DB381A5BA4}.AppStore|Any CPU.Deploy.0 = Release|Any CPU
		{E0F9E53D-A0C5-4DA7-9320-F9DB381A5BA4}.AppStore|iPhone.ActiveCfg = Release|Any CPU
		{E0F9E53D-A0C5-4DA7-9320-F9DB381A5BA4}.AppStore|iPhone.Build.0 = Release|Any CPU
		{E0F9E53D-A0C5-4DA7-9320-F9DB381A5BA4}.AppStore|iPhone.Deploy.0 = Release|Any CPU
		{E0F9E53D-A0C5-4DA7-9320-F9DB381A5BA4}.AppStore|iPhoneSimulator.ActiveCfg = Release|Any CPU
		{E0F9E53D-A0C5-4DA7-9320-F9DB381A5BA4}.AppStore|iPhoneSimulator.Build.0 = Release|Any CPU
		{E0F9E53D-A0C5-4DA7-9320-F9DB381A5BA4}.AppStore|iPhoneSimulator.Deploy.0 = Release|Any CPU
		{E0F9E53D-A0C5-4DA7-9320-F9DB381A5BA4}.Debug|Any CPU.ActiveCfg = Debug|Any CPU
		{E0F9E53D-A0C5-4DA7-9320-F9DB381A5BA4}.Debug|Any CPU.Build.0 = Debug|Any CPU
		{E0F9E53D-A0C5-4DA7-9320-F9DB381A5BA4}.Debug|Any CPU.Deploy.0 = Debug|Any CPU
		{E0F9E53D-A0C5-4DA7-9320-F9DB381A5BA4}.Debug|iPhone.ActiveCfg = Debug|Any CPU
		{E0F9E53D-A0C5-4DA7-9320-F9DB381A5BA4}.Debug|iPhone.Build.0 = Debug|Any CPU
		{E0F9E53D-A0C5-4DA7-9320-F9DB381A5BA4}.Debug|iPhone.Deploy.0 = Debug|Any CPU
		{E0F9E53D-A0C5-4DA7-9320-F9DB381A5BA4}.Debug|iPhoneSimulator.ActiveCfg = Debug|Any CPU
		{E0F9E53D-A0C5-4DA7-9320-F9DB381A5BA4}.Debug|iPhoneSimulator.Build.0 = Debug|Any CPU
		{E0F9E53D-A0C5-4DA7-9320-F9DB381A5BA4}.Debug|iPhoneSimulator.Deploy.0 = Debug|Any CPU
		{E0F9E53D-A0C5-4DA7-9320-F9DB381A5BA4}.Release|Any CPU.ActiveCfg = Release|Any CPU
		{E0F9E53D-A0C5-4DA7-9320-F9DB381A5BA4}.Release|Any CPU.Build.0 = Release|Any CPU
		{E0F9E53D-A0C5-4DA7-9320-F9DB381A5BA4}.Release|Any CPU.Deploy.0 = Release|Any CPU
		{E0F9E53D-A0C5-4DA7-9320-F9DB381A5BA4}.Release|iPhone.ActiveCfg = Release|Any CPU
		{E0F9E53D-A0C5-4DA7-9320-F9DB381A5BA4}.Release|iPhone.Build.0 = Release|Any CPU
		{E0F9E53D-A0C5-4DA7-9320-F9DB381A5BA4}.Release|iPhone.Deploy.0 = Release|Any CPU
		{E0F9E53D-A0C5-4DA7-9320-F9DB381A5BA4}.Release|iPhoneSimulator.ActiveCfg = Release|Any CPU
		{E0F9E53D-A0C5-4DA7-9320-F9DB381A5BA4}.Release|iPhoneSimulator.Build.0 = Release|Any CPU
		{E0F9E53D-A0C5-4DA7-9320-F9DB381A5BA4}.Release|iPhoneSimulator.Deploy.0 = Release|Any CPU
		{E76CDD7F-169E-433F-8C58-F9C67A1D6E9E}.Ad-Hoc|Any CPU.ActiveCfg = Ad-Hoc|iPhone
		{E76CDD7F-169E-433F-8C58-F9C67A1D6E9E}.Ad-Hoc|iPhone.ActiveCfg = Ad-Hoc|iPhone
		{E76CDD7F-169E-433F-8C58-F9C67A1D6E9E}.Ad-Hoc|iPhone.Build.0 = Ad-Hoc|iPhone
		{E76CDD7F-169E-433F-8C58-F9C67A1D6E9E}.Ad-Hoc|iPhoneSimulator.ActiveCfg = Ad-Hoc|iPhoneSimulator
		{E76CDD7F-169E-433F-8C58-F9C67A1D6E9E}.Ad-Hoc|iPhoneSimulator.Build.0 = Ad-Hoc|iPhoneSimulator
		{E76CDD7F-169E-433F-8C58-F9C67A1D6E9E}.AppStore|Any CPU.ActiveCfg = AppStore|iPhone
		{E76CDD7F-169E-433F-8C58-F9C67A1D6E9E}.AppStore|iPhone.ActiveCfg = AppStore|iPhone
		{E76CDD7F-169E-433F-8C58-F9C67A1D6E9E}.AppStore|iPhone.Build.0 = AppStore|iPhone
		{E76CDD7F-169E-433F-8C58-F9C67A1D6E9E}.AppStore|iPhoneSimulator.ActiveCfg = AppStore|iPhoneSimulator
		{E76CDD7F-169E-433F-8C58-F9C67A1D6E9E}.AppStore|iPhoneSimulator.Build.0 = AppStore|iPhoneSimulator
		{E76CDD7F-169E-433F-8C58-F9C67A1D6E9E}.Debug|Any CPU.ActiveCfg = Debug|iPhone
		{E76CDD7F-169E-433F-8C58-F9C67A1D6E9E}.Debug|iPhone.ActiveCfg = Debug|iPhone
		{E76CDD7F-169E-433F-8C58-F9C67A1D6E9E}.Debug|iPhone.Build.0 = Debug|iPhone
		{E76CDD7F-169E-433F-8C58-F9C67A1D6E9E}.Debug|iPhoneSimulator.ActiveCfg = Debug|iPhoneSimulator
		{E76CDD7F-169E-433F-8C58-F9C67A1D6E9E}.Debug|iPhoneSimulator.Build.0 = Debug|iPhoneSimulator
		{E76CDD7F-169E-433F-8C58-F9C67A1D6E9E}.Release|Any CPU.ActiveCfg = Release|iPhone
		{E76CDD7F-169E-433F-8C58-F9C67A1D6E9E}.Release|iPhone.ActiveCfg = Release|iPhone
		{E76CDD7F-169E-433F-8C58-F9C67A1D6E9E}.Release|iPhone.Build.0 = Release|iPhone
		{E76CDD7F-169E-433F-8C58-F9C67A1D6E9E}.Release|iPhoneSimulator.ActiveCfg = Release|iPhoneSimulator
		{E76CDD7F-169E-433F-8C58-F9C67A1D6E9E}.Release|iPhoneSimulator.Build.0 = Release|iPhoneSimulator
		{B290A2A3-FD5F-4578-80D2-E402273BDFA6}.Ad-Hoc|Any CPU.ActiveCfg = Release|Any CPU
		{B290A2A3-FD5F-4578-80D2-E402273BDFA6}.Ad-Hoc|Any CPU.Build.0 = Release|Any CPU
		{B290A2A3-FD5F-4578-80D2-E402273BDFA6}.Ad-Hoc|iPhone.ActiveCfg = Release|Any CPU
		{B290A2A3-FD5F-4578-80D2-E402273BDFA6}.Ad-Hoc|iPhone.Build.0 = Release|Any CPU
		{B290A2A3-FD5F-4578-80D2-E402273BDFA6}.Ad-Hoc|iPhoneSimulator.ActiveCfg = Release|Any CPU
		{B290A2A3-FD5F-4578-80D2-E402273BDFA6}.Ad-Hoc|iPhoneSimulator.Build.0 = Release|Any CPU
		{B290A2A3-FD5F-4578-80D2-E402273BDFA6}.AppStore|Any CPU.ActiveCfg = Release|Any CPU
		{B290A2A3-FD5F-4578-80D2-E402273BDFA6}.AppStore|Any CPU.Build.0 = Release|Any CPU
		{B290A2A3-FD5F-4578-80D2-E402273BDFA6}.AppStore|iPhone.ActiveCfg = Release|Any CPU
		{B290A2A3-FD5F-4578-80D2-E402273BDFA6}.AppStore|iPhone.Build.0 = Release|Any CPU
		{B290A2A3-FD5F-4578-80D2-E402273BDFA6}.AppStore|iPhoneSimulator.ActiveCfg = Release|Any CPU
		{B290A2A3-FD5F-4578-80D2-E402273BDFA6}.AppStore|iPhoneSimulator.Build.0 = Release|Any CPU
		{B290A2A3-FD5F-4578-80D2-E402273BDFA6}.Debug|Any CPU.ActiveCfg = Debug|Any CPU
		{B290A2A3-FD5F-4578-80D2-E402273BDFA6}.Debug|Any CPU.Build.0 = Debug|Any CPU
		{B290A2A3-FD5F-4578-80D2-E402273BDFA6}.Debug|iPhone.ActiveCfg = Debug|Any CPU
		{B290A2A3-FD5F-4578-80D2-E402273BDFA6}.Debug|iPhone.Build.0 = Debug|Any CPU
		{B290A2A3-FD5F-4578-80D2-E402273BDFA6}.Debug|iPhoneSimulator.ActiveCfg = Debug|Any CPU
		{B290A2A3-FD5F-4578-80D2-E402273BDFA6}.Debug|iPhoneSimulator.Build.0 = Debug|Any CPU
		{B290A2A3-FD5F-4578-80D2-E402273BDFA6}.Release|Any CPU.ActiveCfg = Release|Any CPU
		{B290A2A3-FD5F-4578-80D2-E402273BDFA6}.Release|Any CPU.Build.0 = Release|Any CPU
		{B290A2A3-FD5F-4578-80D2-E402273BDFA6}.Release|iPhone.ActiveCfg = Release|Any CPU
		{B290A2A3-FD5F-4578-80D2-E402273BDFA6}.Release|iPhone.Build.0 = Release|Any CPU
		{B290A2A3-FD5F-4578-80D2-E402273BDFA6}.Release|iPhoneSimulator.ActiveCfg = Release|Any CPU
		{B290A2A3-FD5F-4578-80D2-E402273BDFA6}.Release|iPhoneSimulator.Build.0 = Release|Any CPU
		{D5A479D4-7B70-4D36-8803-238BC27BE1D9}.Ad-Hoc|Any CPU.ActiveCfg = Release|Any CPU
		{D5A479D4-7B70-4D36-8803-238BC27BE1D9}.Ad-Hoc|Any CPU.Build.0 = Release|Any CPU
		{D5A479D4-7B70-4D36-8803-238BC27BE1D9}.Ad-Hoc|iPhone.ActiveCfg = Release|Any CPU
		{D5A479D4-7B70-4D36-8803-238BC27BE1D9}.Ad-Hoc|iPhone.Build.0 = Release|Any CPU
		{D5A479D4-7B70-4D36-8803-238BC27BE1D9}.Ad-Hoc|iPhoneSimulator.ActiveCfg = Release|Any CPU
		{D5A479D4-7B70-4D36-8803-238BC27BE1D9}.Ad-Hoc|iPhoneSimulator.Build.0 = Release|Any CPU
		{D5A479D4-7B70-4D36-8803-238BC27BE1D9}.AppStore|Any CPU.ActiveCfg = Release|Any CPU
		{D5A479D4-7B70-4D36-8803-238BC27BE1D9}.AppStore|Any CPU.Build.0 = Release|Any CPU
		{D5A479D4-7B70-4D36-8803-238BC27BE1D9}.AppStore|iPhone.ActiveCfg = Release|Any CPU
		{D5A479D4-7B70-4D36-8803-238BC27BE1D9}.AppStore|iPhone.Build.0 = Release|Any CPU
		{D5A479D4-7B70-4D36-8803-238BC27BE1D9}.AppStore|iPhoneSimulator.ActiveCfg = Release|Any CPU
		{D5A479D4-7B70-4D36-8803-238BC27BE1D9}.AppStore|iPhoneSimulator.Build.0 = Release|Any CPU
		{D5A479D4-7B70-4D36-8803-238BC27BE1D9}.Debug|Any CPU.ActiveCfg = Debug|Any CPU
		{D5A479D4-7B70-4D36-8803-238BC27BE1D9}.Debug|Any CPU.Build.0 = Debug|Any CPU
		{D5A479D4-7B70-4D36-8803-238BC27BE1D9}.Debug|iPhone.ActiveCfg = Debug|Any CPU
		{D5A479D4-7B70-4D36-8803-238BC27BE1D9}.Debug|iPhone.Build.0 = Debug|Any CPU
		{D5A479D4-7B70-4D36-8803-238BC27BE1D9}.Debug|iPhoneSimulator.ActiveCfg = Debug|Any CPU
		{D5A479D4-7B70-4D36-8803-238BC27BE1D9}.Debug|iPhoneSimulator.Build.0 = Debug|Any CPU
		{D5A479D4-7B70-4D36-8803-238BC27BE1D9}.Release|Any CPU.ActiveCfg = Release|Any CPU
		{D5A479D4-7B70-4D36-8803-238BC27BE1D9}.Release|Any CPU.Build.0 = Release|Any CPU
		{D5A479D4-7B70-4D36-8803-238BC27BE1D9}.Release|iPhone.ActiveCfg = Release|Any CPU
		{D5A479D4-7B70-4D36-8803-238BC27BE1D9}.Release|iPhone.Build.0 = Release|Any CPU
		{D5A479D4-7B70-4D36-8803-238BC27BE1D9}.Release|iPhoneSimulator.ActiveCfg = Release|Any CPU
		{D5A479D4-7B70-4D36-8803-238BC27BE1D9}.Release|iPhoneSimulator.Build.0 = Release|Any CPU
		{4B986152-345D-4668-A186-30295F0B51CA}.Ad-Hoc|Any CPU.ActiveCfg = Release|Any CPU
		{4B986152-345D-4668-A186-30295F0B51CA}.Ad-Hoc|Any CPU.Build.0 = Release|Any CPU
		{4B986152-345D-4668-A186-30295F0B51CA}.Ad-Hoc|iPhone.ActiveCfg = Release|Any CPU
		{4B986152-345D-4668-A186-30295F0B51CA}.Ad-Hoc|iPhone.Build.0 = Release|Any CPU
		{4B986152-345D-4668-A186-30295F0B51CA}.Ad-Hoc|iPhoneSimulator.ActiveCfg = Release|Any CPU
		{4B986152-345D-4668-A186-30295F0B51CA}.Ad-Hoc|iPhoneSimulator.Build.0 = Release|Any CPU
		{4B986152-345D-4668-A186-30295F0B51CA}.AppStore|Any CPU.ActiveCfg = Release|Any CPU
		{4B986152-345D-4668-A186-30295F0B51CA}.AppStore|Any CPU.Build.0 = Release|Any CPU
		{4B986152-345D-4668-A186-30295F0B51CA}.AppStore|iPhone.ActiveCfg = Release|Any CPU
		{4B986152-345D-4668-A186-30295F0B51CA}.AppStore|iPhone.Build.0 = Release|Any CPU
		{4B986152-345D-4668-A186-30295F0B51CA}.AppStore|iPhoneSimulator.ActiveCfg = Release|Any CPU
		{4B986152-345D-4668-A186-30295F0B51CA}.AppStore|iPhoneSimulator.Build.0 = Release|Any CPU
		{4B986152-345D-4668-A186-30295F0B51CA}.Debug|Any CPU.ActiveCfg = Debug|Any CPU
		{4B986152-345D-4668-A186-30295F0B51CA}.Debug|Any CPU.Build.0 = Debug|Any CPU
		{4B986152-345D-4668-A186-30295F0B51CA}.Debug|iPhone.ActiveCfg = Debug|Any CPU
		{4B986152-345D-4668-A186-30295F0B51CA}.Debug|iPhone.Build.0 = Debug|Any CPU
		{4B986152-345D-4668-A186-30295F0B51CA}.Debug|iPhoneSimulator.ActiveCfg = Debug|Any CPU
		{4B986152-345D-4668-A186-30295F0B51CA}.Debug|iPhoneSimulator.Build.0 = Debug|Any CPU
		{4B986152-345D-4668-A186-30295F0B51CA}.Release|Any CPU.ActiveCfg = Release|Any CPU
		{4B986152-345D-4668-A186-30295F0B51CA}.Release|Any CPU.Build.0 = Release|Any CPU
		{4B986152-345D-4668-A186-30295F0B51CA}.Release|iPhone.ActiveCfg = Release|Any CPU
		{4B986152-345D-4668-A186-30295F0B51CA}.Release|iPhone.Build.0 = Release|Any CPU
		{4B986152-345D-4668-A186-30295F0B51CA}.Release|iPhoneSimulator.ActiveCfg = Release|Any CPU
		{4B986152-345D-4668-A186-30295F0B51CA}.Release|iPhoneSimulator.Build.0 = Release|Any CPU
		{55A4600E-DD57-4BBA-A273-B0FE7EE8FA3C}.Ad-Hoc|Any CPU.ActiveCfg = Release|Any CPU
		{55A4600E-DD57-4BBA-A273-B0FE7EE8FA3C}.Ad-Hoc|Any CPU.Build.0 = Release|Any CPU
		{55A4600E-DD57-4BBA-A273-B0FE7EE8FA3C}.Ad-Hoc|iPhone.ActiveCfg = Release|Any CPU
		{55A4600E-DD57-4BBA-A273-B0FE7EE8FA3C}.Ad-Hoc|iPhone.Build.0 = Release|Any CPU
		{55A4600E-DD57-4BBA-A273-B0FE7EE8FA3C}.Ad-Hoc|iPhoneSimulator.ActiveCfg = Release|Any CPU
		{55A4600E-DD57-4BBA-A273-B0FE7EE8FA3C}.Ad-Hoc|iPhoneSimulator.Build.0 = Release|Any CPU
		{55A4600E-DD57-4BBA-A273-B0FE7EE8FA3C}.AppStore|Any CPU.ActiveCfg = Release|Any CPU
		{55A4600E-DD57-4BBA-A273-B0FE7EE8FA3C}.AppStore|Any CPU.Build.0 = Release|Any CPU
		{55A4600E-DD57-4BBA-A273-B0FE7EE8FA3C}.AppStore|iPhone.ActiveCfg = Release|Any CPU
		{55A4600E-DD57-4BBA-A273-B0FE7EE8FA3C}.AppStore|iPhone.Build.0 = Release|Any CPU
		{55A4600E-DD57-4BBA-A273-B0FE7EE8FA3C}.AppStore|iPhoneSimulator.ActiveCfg = Release|Any CPU
		{55A4600E-DD57-4BBA-A273-B0FE7EE8FA3C}.AppStore|iPhoneSimulator.Build.0 = Release|Any CPU
		{55A4600E-DD57-4BBA-A273-B0FE7EE8FA3C}.Debug|Any CPU.ActiveCfg = Debug|Any CPU
		{55A4600E-DD57-4BBA-A273-B0FE7EE8FA3C}.Debug|Any CPU.Build.0 = Debug|Any CPU
		{55A4600E-DD57-4BBA-A273-B0FE7EE8FA3C}.Debug|iPhone.ActiveCfg = Debug|Any CPU
		{55A4600E-DD57-4BBA-A273-B0FE7EE8FA3C}.Debug|iPhone.Build.0 = Debug|Any CPU
		{55A4600E-DD57-4BBA-A273-B0FE7EE8FA3C}.Debug|iPhoneSimulator.ActiveCfg = Debug|Any CPU
		{55A4600E-DD57-4BBA-A273-B0FE7EE8FA3C}.Debug|iPhoneSimulator.Build.0 = Debug|Any CPU
		{55A4600E-DD57-4BBA-A273-B0FE7EE8FA3C}.Release|Any CPU.ActiveCfg = Release|Any CPU
		{55A4600E-DD57-4BBA-A273-B0FE7EE8FA3C}.Release|Any CPU.Build.0 = Release|Any CPU
		{55A4600E-DD57-4BBA-A273-B0FE7EE8FA3C}.Release|iPhone.ActiveCfg = Release|Any CPU
		{55A4600E-DD57-4BBA-A273-B0FE7EE8FA3C}.Release|iPhone.Build.0 = Release|Any CPU
		{55A4600E-DD57-4BBA-A273-B0FE7EE8FA3C}.Release|iPhoneSimulator.ActiveCfg = Release|Any CPU
		{55A4600E-DD57-4BBA-A273-B0FE7EE8FA3C}.Release|iPhoneSimulator.Build.0 = Release|Any CPU
		{F041DCE1-722A-4857-9ADF-198DE49CAFD9}.Ad-Hoc|Any CPU.ActiveCfg = Release|Any CPU
		{F041DCE1-722A-4857-9ADF-198DE49CAFD9}.Ad-Hoc|Any CPU.Build.0 = Release|Any CPU
		{F041DCE1-722A-4857-9ADF-198DE49CAFD9}.Ad-Hoc|iPhone.ActiveCfg = Release|Any CPU
		{F041DCE1-722A-4857-9ADF-198DE49CAFD9}.Ad-Hoc|iPhone.Build.0 = Release|Any CPU
		{F041DCE1-722A-4857-9ADF-198DE49CAFD9}.Ad-Hoc|iPhoneSimulator.ActiveCfg = Release|Any CPU
		{F041DCE1-722A-4857-9ADF-198DE49CAFD9}.Ad-Hoc|iPhoneSimulator.Build.0 = Release|Any CPU
		{F041DCE1-722A-4857-9ADF-198DE49CAFD9}.AppStore|Any CPU.ActiveCfg = Release|Any CPU
		{F041DCE1-722A-4857-9ADF-198DE49CAFD9}.AppStore|Any CPU.Build.0 = Release|Any CPU
		{F041DCE1-722A-4857-9ADF-198DE49CAFD9}.AppStore|iPhone.ActiveCfg = Release|Any CPU
		{F041DCE1-722A-4857-9ADF-198DE49CAFD9}.AppStore|iPhone.Build.0 = Release|Any CPU
		{F041DCE1-722A-4857-9ADF-198DE49CAFD9}.AppStore|iPhoneSimulator.ActiveCfg = Release|Any CPU
		{F041DCE1-722A-4857-9ADF-198DE49CAFD9}.AppStore|iPhoneSimulator.Build.0 = Release|Any CPU
		{F041DCE1-722A-4857-9ADF-198DE49CAFD9}.Debug|Any CPU.ActiveCfg = Debug|Any CPU
		{F041DCE1-722A-4857-9ADF-198DE49CAFD9}.Debug|Any CPU.Build.0 = Debug|Any CPU
		{F041DCE1-722A-4857-9ADF-198DE49CAFD9}.Debug|iPhone.ActiveCfg = Debug|Any CPU
		{F041DCE1-722A-4857-9ADF-198DE49CAFD9}.Debug|iPhone.Build.0 = Debug|Any CPU
		{F041DCE1-722A-4857-9ADF-198DE49CAFD9}.Debug|iPhoneSimulator.ActiveCfg = Debug|Any CPU
		{F041DCE1-722A-4857-9ADF-198DE49CAFD9}.Debug|iPhoneSimulator.Build.0 = Debug|Any CPU
		{F041DCE1-722A-4857-9ADF-198DE49CAFD9}.Release|Any CPU.ActiveCfg = Release|Any CPU
		{F041DCE1-722A-4857-9ADF-198DE49CAFD9}.Release|Any CPU.Build.0 = Release|Any CPU
		{F041DCE1-722A-4857-9ADF-198DE49CAFD9}.Release|iPhone.ActiveCfg = Release|Any CPU
		{F041DCE1-722A-4857-9ADF-198DE49CAFD9}.Release|iPhone.Build.0 = Release|Any CPU
		{F041DCE1-722A-4857-9ADF-198DE49CAFD9}.Release|iPhoneSimulator.ActiveCfg = Release|Any CPU
		{F041DCE1-722A-4857-9ADF-198DE49CAFD9}.Release|iPhoneSimulator.Build.0 = Release|Any CPU
		{C93CB976-51E7-472B-9E37-5C21AB655D90}.Ad-Hoc|Any CPU.ActiveCfg = Release|Any CPU
		{C93CB976-51E7-472B-9E37-5C21AB655D90}.Ad-Hoc|Any CPU.Build.0 = Release|Any CPU
		{C93CB976-51E7-472B-9E37-5C21AB655D90}.Ad-Hoc|iPhone.ActiveCfg = Release|Any CPU
		{C93CB976-51E7-472B-9E37-5C21AB655D90}.Ad-Hoc|iPhone.Build.0 = Release|Any CPU
		{C93CB976-51E7-472B-9E37-5C21AB655D90}.Ad-Hoc|iPhoneSimulator.ActiveCfg = Release|Any CPU
		{C93CB976-51E7-472B-9E37-5C21AB655D90}.Ad-Hoc|iPhoneSimulator.Build.0 = Release|Any CPU
		{C93CB976-51E7-472B-9E37-5C21AB655D90}.AppStore|Any CPU.ActiveCfg = Release|Any CPU
		{C93CB976-51E7-472B-9E37-5C21AB655D90}.AppStore|Any CPU.Build.0 = Release|Any CPU
		{C93CB976-51E7-472B-9E37-5C21AB655D90}.AppStore|iPhone.ActiveCfg = Release|Any CPU
		{C93CB976-51E7-472B-9E37-5C21AB655D90}.AppStore|iPhone.Build.0 = Release|Any CPU
		{C93CB976-51E7-472B-9E37-5C21AB655D90}.AppStore|iPhoneSimulator.ActiveCfg = Release|Any CPU
		{C93CB976-51E7-472B-9E37-5C21AB655D90}.AppStore|iPhoneSimulator.Build.0 = Release|Any CPU
		{C93CB976-51E7-472B-9E37-5C21AB655D90}.Debug|Any CPU.ActiveCfg = Debug|Any CPU
		{C93CB976-51E7-472B-9E37-5C21AB655D90}.Debug|Any CPU.Build.0 = Debug|Any CPU
		{C93CB976-51E7-472B-9E37-5C21AB655D90}.Debug|iPhone.ActiveCfg = Debug|Any CPU
		{C93CB976-51E7-472B-9E37-5C21AB655D90}.Debug|iPhone.Build.0 = Debug|Any CPU
		{C93CB976-51E7-472B-9E37-5C21AB655D90}.Debug|iPhoneSimulator.ActiveCfg = Debug|Any CPU
		{C93CB976-51E7-472B-9E37-5C21AB655D90}.Debug|iPhoneSimulator.Build.0 = Debug|Any CPU
		{C93CB976-51E7-472B-9E37-5C21AB655D90}.Release|Any CPU.ActiveCfg = Release|Any CPU
		{C93CB976-51E7-472B-9E37-5C21AB655D90}.Release|Any CPU.Build.0 = Release|Any CPU
		{C93CB976-51E7-472B-9E37-5C21AB655D90}.Release|iPhone.ActiveCfg = Release|Any CPU
		{C93CB976-51E7-472B-9E37-5C21AB655D90}.Release|iPhone.Build.0 = Release|Any CPU
		{C93CB976-51E7-472B-9E37-5C21AB655D90}.Release|iPhoneSimulator.ActiveCfg = Release|Any CPU
		{C93CB976-51E7-472B-9E37-5C21AB655D90}.Release|iPhoneSimulator.Build.0 = Release|Any CPU
	EndGlobalSection
	GlobalSection(SolutionProperties) = preSolution
		HideSolutionNode = FALSE
	EndGlobalSection
EndGlobal
